
Microsoft Visual Studio Solution File, Format Version 12.00
# Visual Studio 15
VisualStudioVersion = 15.0.28307.1062
MinimumVisualStudioVersion = 10.0.40219.1
Project("{8BC9CEB8-8B4A-11D0-8D11-00A0C91BC942}") = "LinearAlgebra", "LinearAlgebra\LinearAlgebra.vcxproj", "{BB6BFD73-28CC-438D-8669-20C4E5E805ED}"
EndProject
Project("{8BC9CEB8-8B4A-11D0-8D11-00A0C91BC942}") = "LinearAlgebraTest", "LinearAlgebraTest\LinearAlgebraTest.vcxproj", "{B08059C2-AB3F-4BCD-AFA1-75C9660A8225}"
	ProjectSection(ProjectDependencies) = postProject
		{BB6BFD73-28CC-438D-8669-20C4E5E805ED} = {BB6BFD73-28CC-438D-8669-20C4E5E805ED}
		{6748E5A0-D49D-4894-A470-1C11B4719937} = {6748E5A0-D49D-4894-A470-1C11B4719937}
	EndProjectSection
EndProject
Project("{8BC9CEB8-8B4A-11D0-8D11-00A0C91BC942}") = "Exception", "Exception\Exception.vcxproj", "{6748E5A0-D49D-4894-A470-1C11B4719937}"
EndProject
Global
	GlobalSection(SolutionConfigurationPlatforms) = preSolution
		Debug|x64 = Debug|x64
		Debug|x86 = Debug|x86
		Release|x64 = Release|x64
		Release|x86 = Release|x86
	EndGlobalSection
	GlobalSection(ProjectConfigurationPlatforms) = postSolution
		{BB6BFD73-28CC-438D-8669-20C4E5E805ED}.Debug|x64.ActiveCfg = Debug|x64
		{BB6BFD73-28CC-438D-8669-20C4E5E805ED}.Debug|x64.Build.0 = Debug|x64
		{BB6BFD73-28CC-438D-8669-20C4E5E805ED}.Debug|x86.ActiveCfg = Debug|x64
		{BB6BFD73-28CC-438D-8669-20C4E5E805ED}.Debug|x86.Build.0 = Debug|x64
		{BB6BFD73-28CC-438D-8669-20C4E5E805ED}.Release|x64.ActiveCfg = Debug|x64
		{BB6BFD73-28CC-438D-8669-20C4E5E805ED}.Release|x64.Build.0 = Debug|x64
		{BB6BFD73-28CC-438D-8669-20C4E5E805ED}.Release|x86.ActiveCfg = Debug|x64
		{BB6BFD73-28CC-438D-8669-20C4E5E805ED}.Release|x86.Build.0 = Debug|x64
		{B08059C2-AB3F-4BCD-AFA1-75C9660A8225}.Debug|x64.ActiveCfg = Debug|x64
		{B08059C2-AB3F-4BCD-AFA1-75C9660A8225}.Debug|x64.Build.0 = Debug|x64
		{B08059C2-AB3F-4BCD-AFA1-75C9660A8225}.Debug|x86.ActiveCfg = Debug|x64
		{B08059C2-AB3F-4BCD-AFA1-75C9660A8225}.Debug|x86.Build.0 = Debug|x64
		{B08059C2-AB3F-4BCD-AFA1-75C9660A8225}.Release|x64.ActiveCfg = Debug|x64
		{B08059C2-AB3F-4BCD-AFA1-75C9660A8225}.Release|x64.Build.0 = Debug|x64
		{B08059C2-AB3F-4BCD-AFA1-75C9660A8225}.Release|x86.ActiveCfg = Debug|x64
		{B08059C2-AB3F-4BCD-AFA1-75C9660A8225}.Release|x86.Build.0 = Debug|x64
		{6748E5A0-D49D-4894-A470-1C11B4719937}.Debug|x64.ActiveCfg = Debug|x64
		{6748E5A0-D49D-4894-A470-1C11B4719937}.Debug|x64.Build.0 = Debug|x64
		{6748E5A0-D49D-4894-A470-1C11B4719937}.Debug|x86.ActiveCfg = Debug|Win32
		{6748E5A0-D49D-4894-A470-1C11B4719937}.Debug|x86.Build.0 = Debug|Win32
		{6748E5A0-D49D-4894-A470-1C11B4719937}.Release|x64.ActiveCfg = Release|x64
		{6748E5A0-D49D-4894-A470-1C11B4719937}.Release|x64.Build.0 = Release|x64
		{6748E5A0-D49D-4894-A470-1C11B4719937}.Release|x86.ActiveCfg = Release|Win32
		{6748E5A0-D49D-4894-A470-1C11B4719937}.Release|x86.Build.0 = Release|Win32
	EndGlobalSection
	GlobalSection(SolutionProperties) = preSolution
		HideSolutionNode = FALSE
	EndGlobalSection
	GlobalSection(ExtensibilityGlobals) = postSolution
		SolutionGuid = {A211006D-A1D4-4D42-AE8E-1A869D05F1BE}
	EndGlobalSection
EndGlobal
